// !$*UTF8*$!
{
	archiveVersion = 1;
	classes = {
	};
	objectVersion = 56;
	objects = {

/* Begin PBXBuildFile section */
		D44F5D592923929400DE7818 /* SwiftUI_ViewInspectorApp02App.swift in Sources */ = {isa = PBXBuildFile; fileRef = D44F5D582923929400DE7818 /* SwiftUI_ViewInspectorApp02App.swift */; };
		D44F5D5B2923929400DE7818 /* ContentView.swift in Sources */ = {isa = PBXBuildFile; fileRef = D44F5D5A2923929400DE7818 /* ContentView.swift */; };
		D44F5D5D2923929700DE7818 /* Assets.xcassets in Resources */ = {isa = PBXBuildFile; fileRef = D44F5D5C2923929700DE7818 /* Assets.xcassets */; };
		D44F5D602923929700DE7818 /* Preview Assets.xcassets in Resources */ = {isa = PBXBuildFile; fileRef = D44F5D5F2923929700DE7818 /* Preview Assets.xcassets */; };
		D44F5D6A2923929700DE7818 /* SwiftUI_ViewInspectorApp02Tests.swift in Sources */ = {isa = PBXBuildFile; fileRef = D44F5D692923929700DE7818 /* SwiftUI_ViewInspectorApp02Tests.swift */; };
		D44F5D742923929700DE7818 /* SwiftUI_ViewInspectorApp02UITests.swift in Sources */ = {isa = PBXBuildFile; fileRef = D44F5D732923929700DE7818 /* SwiftUI_ViewInspectorApp02UITests.swift */; };
		D44F5D762923929700DE7818 /* SwiftUI_ViewInspectorApp02UITestsLaunchTests.swift in Sources */ = {isa = PBXBuildFile; fileRef = D44F5D752923929700DE7818 /* SwiftUI_ViewInspectorApp02UITestsLaunchTests.swift */; };
		D44F5D8729239D3800DE7818 /* ViewInspector in Frameworks */ = {isa = PBXBuildFile; productRef = D44F5D8629239D3800DE7818 /* ViewInspector */; };
		D44F5D8B2923A7F000DE7818 /* ContentViewModel.swift in Sources */ = {isa = PBXBuildFile; fileRef = D44F5D8A2923A7F000DE7818 /* ContentViewModel.swift */; };
/* End PBXBuildFile section */

/* Begin PBXContainerItemProxy section */
		D44F5D662923929700DE7818 /* PBXContainerItemProxy */ = {
			isa = PBXContainerItemProxy;
			containerPortal = D44F5D4D2923929400DE7818 /* Project object */;
			proxyType = 1;
			remoteGlobalIDString = D44F5D542923929400DE7818;
			remoteInfo = "SwiftUI+ViewInspectorApp02";
		};
		D44F5D702923929700DE7818 /* PBXContainerItemProxy */ = {
			isa = PBXContainerItemProxy;
			containerPortal = D44F5D4D2923929400DE7818 /* Project object */;
			proxyType = 1;
			remoteGlobalIDString = D44F5D542923929400DE7818;
			remoteInfo = "SwiftUI+ViewInspectorApp02";
		};
/* End PBXContainerItemProxy section */

/* Begin PBXFileReference section */
		D44F5D552923929400DE7818 /* SwiftUI+ViewInspectorApp02.app */ = {isa = PBXFileReference; explicitFileType = wrapper.application; includeInIndex = 0; path = "SwiftUI+ViewInspectorApp02.app"; sourceTree = BUILT_PRODUCTS_DIR; };
		D44F5D582923929400DE7818 /* SwiftUI_ViewInspectorApp02App.swift */ = {isa = PBXFileReference; lastKnownFileType = sourcecode.swift; path = SwiftUI_ViewInspectorApp02App.swift; sourceTree = "<group>"; };
		D44F5D5A2923929400DE7818 /* ContentView.swift */ = {isa = PBXFileReference; lastKnownFileType = sourcecode.swift; path = ContentView.swift; sourceTree = "<group>"; };
		D44F5D5C2923929700DE7818 /* Assets.xcassets */ = {isa = PBXFileReference; lastKnownFileType = folder.assetcatalog; path = Assets.xcassets; sourceTree = "<group>"; };
		D44F5D5F2923929700DE7818 /* Preview Assets.xcassets */ = {isa = PBXFileReference; lastKnownFileType = folder.assetcatalog; path = "Preview Assets.xcassets"; sourceTree = "<group>"; };
		D44F5D652923929700DE7818 /* SwiftUI+ViewInspectorApp02Tests.xctest */ = {isa = PBXFileReference; explicitFileType = wrapper.cfbundle; includeInIndex = 0; path = "SwiftUI+ViewInspectorApp02Tests.xctest"; sourceTree = BUILT_PRODUCTS_DIR; };
		D44F5D692923929700DE7818 /* SwiftUI_ViewInspectorApp02Tests.swift */ = {isa = PBXFileReference; lastKnownFileType = sourcecode.swift; path = SwiftUI_ViewInspectorApp02Tests.swift; sourceTree = "<group>"; };
		D44F5D6F2923929700DE7818 /* SwiftUI+ViewInspectorApp02UITests.xctest */ = {isa = PBXFileReference; explicitFileType = wrapper.cfbundle; includeInIndex = 0; path = "SwiftUI+ViewInspectorApp02UITests.xctest"; sourceTree = BUILT_PRODUCTS_DIR; };
		D44F5D732923929700DE7818 /* SwiftUI_ViewInspectorApp02UITests.swift */ = {isa = PBXFileReference; lastKnownFileType = sourcecode.swift; path = SwiftUI_ViewInspectorApp02UITests.swift; sourceTree = "<group>"; };
		D44F5D752923929700DE7818 /* SwiftUI_ViewInspectorApp02UITestsLaunchTests.swift */ = {isa = PBXFileReference; lastKnownFileType = sourcecode.swift; path = SwiftUI_ViewInspectorApp02UITestsLaunchTests.swift; sourceTree = "<group>"; };
		D44F5D8A2923A7F000DE7818 /* ContentViewModel.swift */ = {isa = PBXFileReference; lastKnownFileType = sourcecode.swift; path = ContentViewModel.swift; sourceTree = "<group>"; };
/* End PBXFileReference section */

/* Begin PBXFrameworksBuildPhase section */
		D44F5D522923929400DE7818 /* Frameworks */ = {
			isa = PBXFrameworksBuildPhase;
			buildActionMask = 2147483647;
			files = (
			);
			runOnlyForDeploymentPostprocessing = 0;
		};
		D44F5D622923929700DE7818 /* Frameworks */ = {
			isa = PBXFrameworksBuildPhase;
			buildActionMask = 2147483647;
			files = (
				D44F5D8729239D3800DE7818 /* ViewInspector in Frameworks */,
			);
			runOnlyForDeploymentPostprocessing = 0;
		};
		D44F5D6C2923929700DE7818 /* Frameworks */ = {
			isa = PBXFrameworksBuildPhase;
			buildActionMask = 2147483647;
			files = (
			);
			runOnlyForDeploymentPostprocessing = 0;
		};
/* End PBXFrameworksBuildPhase section */

/* Begin PBXGroup section */
		D44F5D4C2923929400DE7818 = {
			isa = PBXGroup;
			children = (
				D44F5D572923929400DE7818 /* SwiftUI+ViewInspectorApp02 */,
				D44F5D682923929700DE7818 /* SwiftUI+ViewInspectorApp02Tests */,
				D44F5D722923929700DE7818 /* SwiftUI+ViewInspectorApp02UITests */,
				D44F5D562923929400DE7818 /* Products */,
			);
			sourceTree = "<group>";
		};
		D44F5D562923929400DE7818 /* Products */ = {
			isa = PBXGroup;
			children = (
				D44F5D552923929400DE7818 /* SwiftUI+ViewInspectorApp02.app */,
				D44F5D652923929700DE7818 /* SwiftUI+ViewInspectorApp02Tests.xctest */,
				D44F5D6F2923929700DE7818 /* SwiftUI+ViewInspectorApp02UITests.xctest */,
			);
			name = Products;
			sourceTree = "<group>";
		};
		D44F5D572923929400DE7818 /* SwiftUI+ViewInspectorApp02 */ = {
			isa = PBXGroup;
			children = (
				D44F5D582923929400DE7818 /* SwiftUI_ViewInspectorApp02App.swift */,
				D44F5D892923A7DF00DE7818 /* View */,
				D44F5D882923A7D600DE7818 /* ViewModel */,
				D44F5D5C2923929700DE7818 /* Assets.xcassets */,
				D44F5D5E2923929700DE7818 /* Preview Content */,
			);
			path = "SwiftUI+ViewInspectorApp02";
			sourceTree = "<group>";
		};
		D44F5D5E2923929700DE7818 /* Preview Content */ = {
			isa = PBXGroup;
			children = (
				D44F5D5F2923929700DE7818 /* Preview Assets.xcassets */,
			);
			path = "Preview Content";
			sourceTree = "<group>";
		};
		D44F5D682923929700DE7818 /* SwiftUI+ViewInspectorApp02Tests */ = {
			isa = PBXGroup;
			children = (
				D44F5D692923929700DE7818 /* SwiftUI_ViewInspectorApp02Tests.swift */,
			);
			path = "SwiftUI+ViewInspectorApp02Tests";
			sourceTree = "<group>";
		};
		D44F5D722923929700DE7818 /* SwiftUI+ViewInspectorApp02UITests */ = {
			isa = PBXGroup;
			children = (
				D44F5D732923929700DE7818 /* SwiftUI_ViewInspectorApp02UITests.swift */,
				D44F5D752923929700DE7818 /* SwiftUI_ViewInspectorApp02UITestsLaunchTests.swift */,
			);
			path = "SwiftUI+ViewInspectorApp02UITests";
			sourceTree = "<group>";
		};
		D44F5D882923A7D600DE7818 /* ViewModel */ = {
			isa = PBXGroup;
			children = (
				D44F5D8A2923A7F000DE7818 /* ContentViewModel.swift */,
			);
			path = ViewModel;
			sourceTree = "<group>";
		};
		D44F5D892923A7DF00DE7818 /* View */ = {
			isa = PBXGroup;
			children = (
				D44F5D5A2923929400DE7818 /* ContentView.swift */,
			);
			path = View;
			sourceTree = "<group>";
		};
/* End PBXGroup section */

/* Begin PBXNativeTarget section */
		D44F5D542923929400DE7818 /* SwiftUI+ViewInspectorApp02 */ = {
			isa = PBXNativeTarget;
			buildConfigurationList = D44F5D792923929700DE7818 /* Build configuration list for PBXNativeTarget "SwiftUI+ViewInspectorApp02" */;
			buildPhases = (
				D44F5D512923929400DE7818 /* Sources */,
				D44F5D522923929400DE7818 /* Frameworks */,
				D44F5D532923929400DE7818 /* Resources */,
			);
			buildRules = (
			);
			dependencies = (
			);
			name = "SwiftUI+ViewInspectorApp02";
			packageProductDependencies = (
			);
			productName = "SwiftUI+ViewInspectorApp02";
			productReference = D44F5D552923929400DE7818 /* SwiftUI+ViewInspectorApp02.app */;
			productType = "com.apple.product-type.application";
		};
		D44F5D642923929700DE7818 /* SwiftUI+ViewInspectorApp02Tests */ = {
			isa = PBXNativeTarget;
			buildConfigurationList = D44F5D7C2923929700DE7818 /* Build configuration list for PBXNativeTarget "SwiftUI+ViewInspectorApp02Tests" */;
			buildPhases = (
				D44F5D612923929700DE7818 /* Sources */,
				D44F5D622923929700DE7818 /* Frameworks */,
				D44F5D632923929700DE7818 /* Resources */,
			);
			buildRules = (
			);
			dependencies = (
				D44F5D672923929700DE7818 /* PBXTargetDependency */,
			);
			name = "SwiftUI+ViewInspectorApp02Tests";
			packageProductDependencies = (
				D44F5D8629239D3800DE7818 /* ViewInspector */,
			);
			productName = "SwiftUI+ViewInspectorApp02Tests";
			productReference = D44F5D652923929700DE7818 /* SwiftUI+ViewInspectorApp02Tests.xctest */;
			productType = "com.apple.product-type.bundle.unit-test";
		};
		D44F5D6E2923929700DE7818 /* SwiftUI+ViewInspectorApp02UITests */ = {
			isa = PBXNativeTarget;
			buildConfigurationList = D44F5D7F2923929700DE7818 /* Build configuration list for PBXNativeTarget "SwiftUI+ViewInspectorApp02UITests" */;
			buildPhases = (
				D44F5D6B2923929700DE7818 /* Sources */,
				D44F5D6C2923929700DE7818 /* Frameworks */,
				D44F5D6D2923929700DE7818 /* Resources */,
			);
			buildRules = (
			);
			dependencies = (
				D44F5D712923929700DE7818 /* PBXTargetDependency */,
			);
			name = "SwiftUI+ViewInspectorApp02UITests";
			productName = "SwiftUI+ViewInspectorApp02UITests";
			productReference = D44F5D6F2923929700DE7818 /* SwiftUI+ViewInspectorApp02UITests.xctest */;
			productType = "com.apple.product-type.bundle.ui-testing";
		};
/* End PBXNativeTarget section */

/* Begin PBXProject section */
		D44F5D4D2923929400DE7818 /* Project object */ = {
			isa = PBXProject;
			attributes = {
				BuildIndependentTargetsInParallel = 1;
				LastSwiftUpdateCheck = 1400;
				LastUpgradeCheck = 1400;
				TargetAttributes = {
					D44F5D542923929400DE7818 = {
						CreatedOnToolsVersion = 14.0;
					};
					D44F5D642923929700DE7818 = {
						CreatedOnToolsVersion = 14.0;
						TestTargetID = D44F5D542923929400DE7818;
					};
					D44F5D6E2923929700DE7818 = {
						CreatedOnToolsVersion = 14.0;
						TestTargetID = D44F5D542923929400DE7818;
					};
				};
			};
			buildConfigurationList = D44F5D502923929400DE7818 /* Build configuration list for PBXProject "SwiftUI+ViewInspectorApp02" */;
			compatibilityVersion = "Xcode 14.0";
			developmentRegion = en;
			hasScannedForEncodings = 0;
			knownRegions = (
				en,
				Base,
			);
			mainGroup = D44F5D4C2923929400DE7818;
			packageReferences = (
				D44F5D8529239D3800DE7818 /* XCRemoteSwiftPackageReference "ViewInspector" */,
			);
			productRefGroup = D44F5D562923929400DE7818 /* Products */;
			projectDirPath = "";
			projectRoot = "";
			targets = (
				D44F5D542923929400DE7818 /* SwiftUI+ViewInspectorApp02 */,
				D44F5D642923929700DE7818 /* SwiftUI+ViewInspectorApp02Tests */,
				D44F5D6E2923929700DE7818 /* SwiftUI+ViewInspectorApp02UITests */,
			);
		};
/* End PBXProject section */

/* Begin PBXResourcesBuildPhase section */
		D44F5D532923929400DE7818 /* Resources */ = {
			isa = PBXResourcesBuildPhase;
			buildActionMask = 2147483647;
			files = (
				D44F5D602923929700DE7818 /* Preview Assets.xcassets in Resources */,
				D44F5D5D2923929700DE7818 /* Assets.xcassets in Resources */,
			);
			runOnlyForDeploymentPostprocessing = 0;
		};
		D44F5D632923929700DE7818 /* Resources */ = {
			isa = PBXResourcesBuildPhase;
			buildActionMask = 2147483647;
			files = (
			);
			runOnlyForDeploymentPostprocessing = 0;
		};
		D44F5D6D2923929700DE7818 /* Resources */ = {
			isa = PBXResourcesBuildPhase;
			buildActionMask = 2147483647;
			files = (
			);
			runOnlyForDeploymentPostprocessing = 0;
		};
/* End PBXResourcesBuildPhase section */

/* Begin PBXSourcesBuildPhase section */
		D44F5D512923929400DE7818 /* Sources */ = {
			isa = PBXSourcesBuildPhase;
			buildActionMask = 2147483647;
			files = (
				D44F5D5B2923929400DE7818 /* ContentView.swift in Sources */,
				D44F5D592923929400DE7818 /* SwiftUI_ViewInspectorApp02App.swift in Sources */,
				D44F5D8B2923A7F000DE7818 /* ContentViewModel.swift in Sources */,
			);
			runOnlyForDeploymentPostprocessing = 0;
		};
		D44F5D612923929700DE7818 /* Sources */ = {
			isa = PBXSourcesBuildPhase;
			buildActionMask = 2147483647;
			files = (
				D44F5D6A2923929700DE7818 /* SwiftUI_ViewInspectorApp02Tests.swift in Sources */,
			);
			runOnlyForDeploymentPostprocessing = 0;
		};
		D44F5D6B2923929700DE7818 /* Sources */ = {
			isa = PBXSourcesBuildPhase;
			buildActionMask = 2147483647;
			files = (
				D44F5D742923929700DE7818 /* SwiftUI_ViewInspectorApp02UITests.swift in Sources */,
				D44F5D762923929700DE7818 /* SwiftUI_ViewInspectorApp02UITestsLaunchTests.swift in Sources */,
			);
			runOnlyForDeploymentPostprocessing = 0;
		};
/* End PBXSourcesBuildPhase section */

/* Begin PBXTargetDependency section */
		D44F5D672923929700DE7818 /* PBXTargetDependency */ = {
			isa = PBXTargetDependency;
			target = D44F5D542923929400DE7818 /* SwiftUI+ViewInspectorApp02 */;
			targetProxy = D44F5D662923929700DE7818 /* PBXContainerItemProxy */;
		};
		D44F5D712923929700DE7818 /* PBXTargetDependency */ = {
			isa = PBXTargetDependency;
			target = D44F5D542923929400DE7818 /* SwiftUI+ViewInspectorApp02 */;
			targetProxy = D44F5D702923929700DE7818 /* PBXContainerItemProxy */;
		};
/* End PBXTargetDependency section */

/* Begin XCBuildConfiguration section */
		D44F5D772923929700DE7818 /* Debug */ = {
			isa = XCBuildConfiguration;
			buildSettings = {
				ALWAYS_SEARCH_USER_PATHS = NO;
				CLANG_ANALYZER_NONNULL = YES;
				CLANG_ANALYZER_NUMBER_OBJECT_CONVERSION = YES_AGGRESSIVE;
				CLANG_CXX_LANGUAGE_STANDARD = "gnu++20";
				CLANG_ENABLE_MODULES = YES;
				CLANG_ENABLE_OBJC_ARC = YES;
				CLANG_ENABLE_OBJC_WEAK = YES;
				CLANG_WARN_BLOCK_CAPTURE_AUTORELEASING = YES;
				CLANG_WARN_BOOL_CONVERSION = YES;
				CLANG_WARN_COMMA = YES;
				CLANG_WARN_CONSTANT_CONVERSION = YES;
				CLANG_WARN_DEPRECATED_OBJC_IMPLEMENTATIONS = YES;
				CLANG_WARN_DIRECT_OBJC_ISA_USAGE = YES_ERROR;
				CLANG_WARN_DOCUMENTATION_COMMENTS = YES;
				CLANG_WARN_EMPTY_BODY = YES;
				CLANG_WARN_ENUM_CONVERSION = YES;
				CLANG_WARN_INFINITE_RECURSION = YES;
				CLANG_WARN_INT_CONVERSION = YES;
				CLANG_WARN_NON_LITERAL_NULL_CONVERSION = YES;
				CLANG_WARN_OBJC_IMPLICIT_RETAIN_SELF = YES;
				CLANG_WARN_OBJC_LITERAL_CONVERSION = YES;
				CLANG_WARN_OBJC_ROOT_CLASS = YES_ERROR;
				CLANG_WARN_QUOTED_INCLUDE_IN_FRAMEWORK_HEADER = YES;
				CLANG_WARN_RANGE_LOOP_ANALYSIS = YES;
				CLANG_WARN_STRICT_PROTOTYPES = YES;
				CLANG_WARN_SUSPICIOUS_MOVE = YES;
				CLANG_WARN_UNGUARDED_AVAILABILITY = YES_AGGRESSIVE;
				CLANG_WARN_UNREACHABLE_CODE = YES;
				CLANG_WARN__DUPLICATE_METHOD_MATCH = YES;
				COPY_PHASE_STRIP = NO;
				DEBUG_INFORMATION_FORMAT = dwarf;
				ENABLE_STRICT_OBJC_MSGSEND = YES;
				ENABLE_TESTABILITY = YES;
				GCC_C_LANGUAGE_STANDARD = gnu11;
				GCC_DYNAMIC_NO_PIC = NO;
				GCC_NO_COMMON_BLOCKS = YES;
				GCC_OPTIMIZATION_LEVEL = 0;
				GCC_PREPROCESSOR_DEFINITIONS = (
					"DEBUG=1",
					"$(inherited)",
				);
				GCC_WARN_64_TO_32_BIT_CONVERSION = YES;
				GCC_WARN_ABOUT_RETURN_TYPE = YES_ERROR;
				GCC_WARN_UNDECLARED_SELECTOR = YES;
				GCC_WARN_UNINITIALIZED_AUTOS = YES_AGGRESSIVE;
				GCC_WARN_UNUSED_FUNCTION = YES;
				GCC_WARN_UNUSED_VARIABLE = YES;
				IPHONEOS_DEPLOYMENT_TARGET = 16.0;
				MTL_ENABLE_DEBUG_INFO = INCLUDE_SOURCE;
				MTL_FAST_MATH = YES;
				ONLY_ACTIVE_ARCH = YES;
				SDKROOT = iphoneos;
				SWIFT_ACTIVE_COMPILATION_CONDITIONS = DEBUG;
				SWIFT_OPTIMIZATION_LEVEL = "-Onone";
			};
			name = Debug;
		};
		D44F5D782923929700DE7818 /* Release */ = {
			isa = XCBuildConfiguration;
			buildSettings = {
				ALWAYS_SEARCH_USER_PATHS = NO;
				CLANG_ANALYZER_NONNULL = YES;
				CLANG_ANALYZER_NUMBER_OBJECT_CONVERSION = YES_AGGRESSIVE;
				CLANG_CXX_LANGUAGE_STANDARD = "gnu++20";
				CLANG_ENABLE_MODULES = YES;
				CLANG_ENABLE_OBJC_ARC = YES;
				CLANG_ENABLE_OBJC_WEAK = YES;
				CLANG_WARN_BLOCK_CAPTURE_AUTORELEASING = YES;
				CLANG_WARN_BOOL_CONVERSION = YES;
				CLANG_WARN_COMMA = YES;
				CLANG_WARN_CONSTANT_CONVERSION = YES;
				CLANG_WARN_DEPRECATED_OBJC_IMPLEMENTATIONS = YES;
				CLANG_WARN_DIRECT_OBJC_ISA_USAGE = YES_ERROR;
				CLANG_WARN_DOCUMENTATION_COMMENTS = YES;
				CLANG_WARN_EMPTY_BODY = YES;
				CLANG_WARN_ENUM_CONVERSION = YES;
				CLANG_WARN_INFINITE_RECURSION = YES;
				CLANG_WARN_INT_CONVERSION = YES;
				CLANG_WARN_NON_LITERAL_NULL_CONVERSION = YES;
				CLANG_WARN_OBJC_IMPLICIT_RETAIN_SELF = YES;
				CLANG_WARN_OBJC_LITERAL_CONVERSION = YES;
				CLANG_WARN_OBJC_ROOT_CLASS = YES_ERROR;
				CLANG_WARN_QUOTED_INCLUDE_IN_FRAMEWORK_HEADER = YES;
				CLANG_WARN_RANGE_LOOP_ANALYSIS = YES;
				CLANG_WARN_STRICT_PROTOTYPES = YES;
				CLANG_WARN_SUSPICIOUS_MOVE = YES;
				CLANG_WARN_UNGUARDED_AVAILABILITY = YES_AGGRESSIVE;
				CLANG_WARN_UNREACHABLE_CODE = YES;
				CLANG_WARN__DUPLICATE_METHOD_MATCH = YES;
				COPY_PHASE_STRIP = NO;
				DEBUG_INFORMATION_FORMAT = "dwarf-with-dsym";
				ENABLE_NS_ASSERTIONS = NO;
				ENABLE_STRICT_OBJC_MSGSEND = YES;
				GCC_C_LANGUAGE_STANDARD = gnu11;
				GCC_NO_COMMON_BLOCKS = YES;
				GCC_WARN_64_TO_32_BIT_CONVERSION = YES;
				GCC_WARN_ABOUT_RETURN_TYPE = YES_ERROR;
				GCC_WARN_UNDECLARED_SELECTOR = YES;
				GCC_WARN_UNINITIALIZED_AUTOS = YES_AGGRESSIVE;
				GCC_WARN_UNUSED_FUNCTION = YES;
				GCC_WARN_UNUSED_VARIABLE = YES;
				IPHONEOS_DEPLOYMENT_TARGET = 16.0;
				MTL_ENABLE_DEBUG_INFO = NO;
				MTL_FAST_MATH = YES;
				SDKROOT = iphoneos;
				SWIFT_COMPILATION_MODE = wholemodule;
				SWIFT_OPTIMIZATION_LEVEL = "-O";
				VALIDATE_PRODUCT = YES;
			};
			name = Release;
		};
		D44F5D7A2923929700DE7818 /* Debug */ = {
			isa = XCBuildConfiguration;
			buildSettings = {
				ASSETCATALOG_COMPILER_APPICON_NAME = AppIcon;
				ASSETCATALOG_COMPILER_GLOBAL_ACCENT_COLOR_NAME = AccentColor;
				CODE_SIGN_STYLE = Automatic;
				CURRENT_PROJECT_VERSION = 1;
				DEVELOPMENT_ASSET_PATHS = "\"SwiftUI+ViewInspectorApp02/Preview Content\"";
				DEVELOPMENT_TEAM = BR3T8YBB5L;
				ENABLE_PREVIEWS = YES;
				GENERATE_INFOPLIST_FILE = YES;
				INFOPLIST_KEY_UIApplicationSceneManifest_Generation = YES;
				INFOPLIST_KEY_UIApplicationSupportsIndirectInputEvents = YES;
				INFOPLIST_KEY_UILaunchScreen_Generation = YES;
				INFOPLIST_KEY_UISupportedInterfaceOrientations_iPad = "UIInterfaceOrientationPortrait UIInterfaceOrientationPortraitUpsideDown UIInterfaceOrientationLandscapeLeft UIInterfaceOrientationLandscapeRight";
				INFOPLIST_KEY_UISupportedInterfaceOrientations_iPhone = "UIInterfaceOrientationPortrait UIInterfaceOrientationLandscapeLeft UIInterfaceOrientationLandscapeRight";
				LD_RUNPATH_SEARCH_PATHS = (
					"$(inherited)",
					"@executable_path/Frameworks",
				);
				MARKETING_VERSION = 1.0;
				PRODUCT_BUNDLE_IDENTIFIER = "com.gmail.yuukirinnma.SwiftUI-ViewInspectorApp02";
				PRODUCT_NAME = "$(TARGET_NAME)";
				SWIFT_EMIT_LOC_STRINGS = YES;
				SWIFT_VERSION = 5.0;
				TARGETED_DEVICE_FAMILY = "1,2";
			};
			name = Debug;
		};
		D44F5D7B2923929700DE7818 /* Release */ = {
			isa = XCBuildConfiguration;
			buildSettings = {
				ASSETCATALOG_COMPILER_APPICON_NAME = AppIcon;
				ASSETCATALOG_COMPILER_GLOBAL_ACCENT_COLOR_NAME = AccentColor;
				CODE_SIGN_STYLE = Automatic;
				CURRENT_PROJECT_VERSION = 1;
				DEVELOPMENT_ASSET_PATHS = "\"SwiftUI+ViewInspectorApp02/Preview Content\"";
				DEVELOPMENT_TEAM = BR3T8YBB5L;
				ENABLE_PREVIEWS = YES;
				GENERATE_INFOPLIST_FILE = YES;
				INFOPLIST_KEY_UIApplicationSceneManifest_Generation = YES;
				INFOPLIST_KEY_UIApplicationSupportsIndirectInputEvents = YES;
				INFOPLIST_KEY_UILaunchScreen_Generation = YES;
				INFOPLIST_KEY_UISupportedInterfaceOrientations_iPad = "UIInterfaceOrientationPortrait UIInterfaceOrientationPortraitUpsideDown UIInterfaceOrientationLandscapeLeft UIInterfaceOrientationLandscapeRight";
				INFOPLIST_KEY_UISupportedInterfaceOrientations_iPhone = "UIInterfaceOrientationPortrait UIInterfaceOrientationLandscapeLeft UIInterfaceOrientationLandscapeRight";
				LD_RUNPATH_SEARCH_PATHS = (
					"$(inherited)",
					"@executable_path/Frameworks",
				);
				MARKETING_VERSION = 1.0;
				PRODUCT_BUNDLE_IDENTIFIER = "com.gmail.yuukirinnma.SwiftUI-ViewInspectorApp02";
				PRODUCT_NAME = "$(TARGET_NAME)";
				SWIFT_EMIT_LOC_STRINGS = YES;
				SWIFT_VERSION = 5.0;
				TARGETED_DEVICE_FAMILY = "1,2";
			};
			name = Release;
		};
		D44F5D7D2923929700DE7818 /* Debug */ = {
			isa = XCBuildConfiguration;
			buildSettings = {
				ALWAYS_EMBED_SWIFT_STANDARD_LIBRARIES = YES;
				BUNDLE_LOADER = "$(TEST_HOST)";
				CODE_SIGN_STYLE = Automatic;
				CURRENT_PROJECT_VERSION = 1;
				DEVELOPMENT_TEAM = BR3T8YBB5L;
				GENERATE_INFOPLIST_FILE = YES;
				IPHONEOS_DEPLOYMENT_TARGET = 16.0;
				MARKETING_VERSION = 1.0;
				PRODUCT_BUNDLE_IDENTIFIER = "com.gmail.yuukirinnma.SwiftUI-ViewInspectorApp02Tests";
				PRODUCT_NAME = "$(TARGET_NAME)";
				SWIFT_EMIT_LOC_STRINGS = NO;
				SWIFT_VERSION = 5.0;
				TARGETED_DEVICE_FAMILY = "1,2";
				TEST_HOST = "$(BUILT_PRODUCTS_DIR)/SwiftUI+ViewInspectorApp02.app/$(BUNDLE_EXECUTABLE_FOLDER_PATH)/SwiftUI+ViewInspectorApp02";
			};
			name = Debug;
		};
		D44F5D7E2923929700DE7818 /* Release */ = {
			isa = XCBuildConfiguration;
			buildSettings = {
				ALWAYS_EMBED_SWIFT_STANDARD_LIBRARIES = YES;
				BUNDLE_LOADER = "$(TEST_HOST)";
				CODE_SIGN_STYLE = Automatic;
				CURRENT_PROJECT_VERSION = 1;
				DEVELOPMENT_TEAM = BR3T8YBB5L;
				GENERATE_INFOPLIST_FILE = YES;
				IPHONEOS_DEPLOYMENT_TARGET = 16.0;
				MARKETING_VERSION = 1.0;
				PRODUCT_BUNDLE_IDENTIFIER = "com.gmail.yuukirinnma.SwiftUI-ViewInspectorApp02Tests";
				PRODUCT_NAME = "$(TARGET_NAME)";
				SWIFT_EMIT_LOC_STRINGS = NO;
				SWIFT_VERSION = 5.0;
				TARGETED_DEVICE_FAMILY = "1,2";
				TEST_HOST = "$(BUILT_PRODUCTS_DIR)/SwiftUI+ViewInspectorApp02.app/$(BUNDLE_EXECUTABLE_FOLDER_PATH)/SwiftUI+ViewInspectorApp02";
			};
			name = Release;
		};
		D44F5D802923929700DE7818 /* Debug */ = {
			isa = XCBuildConfiguration;
			buildSettings = {
				ALWAYS_EMBED_SWIFT_STANDARD_LIBRARIES = YES;
				CODE_SIGN_STYLE = Automatic;
				CURRENT_PROJECT_VERSION = 1;
				DEVELOPMENT_TEAM = BR3T8YBB5L;
				GENERATE_INFOPLIST_FILE = YES;
				MARKETING_VERSION = 1.0;
				PRODUCT_BUNDLE_IDENTIFIER = "com.gmail.yuukirinnma.SwiftUI-ViewInspectorApp02UITests";
				PRODUCT_NAME = "$(TARGET_NAME)";
				SWIFT_EMIT_LOC_STRINGS = NO;
				SWIFT_VERSION = 5.0;
				TARGETED_DEVICE_FAMILY = "1,2";
				TEST_TARGET_NAME = "SwiftUI+ViewInspectorApp02";
			};
			name = Debug;
		};
		D44F5D812923929700DE7818 /* Release */ = {
			isa = XCBuildConfiguration;
			buildSettings = {
				ALWAYS_EMBED_SWIFT_STANDARD_LIBRARIES = YES;
				CODE_SIGN_STYLE = Automatic;
				CURRENT_PROJECT_VERSION = 1;
				DEVELOPMENT_TEAM = BR3T8YBB5L;
				GENERATE_INFOPLIST_FILE = YES;
				MARKETING_VERSION = 1.0;
				PRODUCT_BUNDLE_IDENTIFIER = "com.gmail.yuukirinnma.SwiftUI-ViewInspectorApp02UITests";
				PRODUCT_NAME = "$(TARGET_NAME)";
				SWIFT_EMIT_LOC_STRINGS = NO;
				SWIFT_VERSION = 5.0;
				TARGETED_DEVICE_FAMILY = "1,2";
				TEST_TARGET_NAME = "SwiftUI+ViewInspectorApp02";
			};
			name = Release;
		};
/* End XCBuildConfiguration section */

/* Begin XCConfigurationList section */
		D44F5D502923929400DE7818 /* Build configuration list for PBXProject "SwiftUI+ViewInspectorApp02" */ = {
			isa = XCConfigurationList;
			buildConfigurations = (
				D44F5D772923929700DE7818 /* Debug */,
				D44F5D782923929700DE7818 /* Release */,
			);
			defaultConfigurationIsVisible = 0;
			defaultConfigurationName = Release;
		};
		D44F5D792923929700DE7818 /* Build configuration list for PBXNativeTarget "SwiftUI+ViewInspectorApp02" */ = {
			isa = XCConfigurationList;
			buildConfigurations = (
				D44F5D7A2923929700DE7818 /* Debug */,
				D44F5D7B2923929700DE7818 /* Release */,
			);
			defaultConfigurationIsVisible = 0;
			defaultConfigurationName = Release;
		};
		D44F5D7C2923929700DE7818 /* Build configuration list for PBXNativeTarget "SwiftUI+ViewInspectorApp02Tests" */ = {
			isa = XCConfigurationList;
			buildConfigurations = (
				D44F5D7D2923929700DE7818 /* Debug */,
				D44F5D7E2923929700DE7818 /* Release */,
			);
			defaultConfigurationIsVisible = 0;
			defaultConfigurationName = Release;
		};
		D44F5D7F2923929700DE7818 /* Build configuration list for PBXNativeTarget "SwiftUI+ViewInspectorApp02UITests" */ = {
			isa = XCConfigurationList;
			buildConfigurations = (
				D44F5D802923929700DE7818 /* Debug */,
				D44F5D812923929700DE7818 /* Release */,
			);
			defaultConfigurationIsVisible = 0;
			defaultConfigurationName = Release;
		};
/* End XCConfigurationList section */

/* Begin XCRemoteSwiftPackageReference section */
		D44F5D8529239D3800DE7818 /* XCRemoteSwiftPackageReference "ViewInspector" */ = {
			isa = XCRemoteSwiftPackageReference;
			repositoryURL = "https://github.com/nalexn/ViewInspector";
			requirement = {
				kind = upToNextMajorVersion;
				minimumVersion = 0.9.2;
			};
		};
/* End XCRemoteSwiftPackageReference section */

/* Begin XCSwiftPackageProductDependency section */
		D44F5D8629239D3800DE7818 /* ViewInspector */ = {
			isa = XCSwiftPackageProductDependency;
			package = D44F5D8529239D3800DE7818 /* XCRemoteSwiftPackageReference "ViewInspector" */;
			productName = ViewInspector;
		};
/* End XCSwiftPackageProductDependency section */
	};
	rootObject = D44F5D4D2923929400DE7818 /* Project object */;
}
